// !$*UTF8*$!
{
	archiveVersion = 1;
	classes = {
	};
	objectVersion = 56;
	objects = {

/* Begin PBXBuildFile section */
		3A328FB528F8B2CB0078FFEA /* OtherScreens.swift in Sources */ = {isa = PBXBuildFile; fileRef = 3A328FB428F8B2CB0078FFEA /* OtherScreens.swift */; };
		3A3AE15F28F823DB00618442 /* AppDelegate.swift in Sources */ = {isa = PBXBuildFile; fileRef = 3A3AE15E28F823DB00618442 /* AppDelegate.swift */; };
		3A3AE16128F823DB00618442 /* SceneDelegate.swift in Sources */ = {isa = PBXBuildFile; fileRef = 3A3AE16028F823DB00618442 /* SceneDelegate.swift */; };
		3A3AE16328F823DB00618442 /* MainScreen.swift in Sources */ = {isa = PBXBuildFile; fileRef = 3A3AE16228F823DB00618442 /* MainScreen.swift */; };
		3A3AE16828F823DD00618442 /* Assets.xcassets in Resources */ = {isa = PBXBuildFile; fileRef = 3A3AE16728F823DD00618442 /* Assets.xcassets */; };
		3A3AE16B28F823DD00618442 /* LaunchScreen.storyboard in Resources */ = {isa = PBXBuildFile; fileRef = 3A3AE16928F823DD00618442 /* LaunchScreen.storyboard */; };
		3A3AE17328F8277F00618442 /* CellModel.swift in Sources */ = {isa = PBXBuildFile; fileRef = 3A3AE17228F8277F00618442 /* CellModel.swift */; };
		3A3AE17528F8285C00618442 /* CustomCell.swift in Sources */ = {isa = PBXBuildFile; fileRef = 3A3AE17428F8285C00618442 /* CustomCell.swift */; };
		3A3AE17728F828DA00618442 /* CustomCell+ext.swift in Sources */ = {isa = PBXBuildFile; fileRef = 3A3AE17628F828DA00618442 /* CustomCell+ext.swift */; };
		3A9BAB7228F85357007B3394 /* CollectionView.swift in Sources */ = {isa = PBXBuildFile; fileRef = 3A9BAB7128F85357007B3394 /* CollectionView.swift */; };
		3A9BAB7628F8559E007B3394 /* CollectionViewCell.swift in Sources */ = {isa = PBXBuildFile; fileRef = 3A9BAB7528F8559E007B3394 /* CollectionViewCell.swift */; };
		3A9BAB7928F85C31007B3394 /* CollectionModel.swift in Sources */ = {isa = PBXBuildFile; fileRef = 3A9BAB7828F85C31007B3394 /* CollectionModel.swift */; };
		3A9BAB7C28F88329007B3394 /* Coordinator.swift in Sources */ = {isa = PBXBuildFile; fileRef = 3A9BAB7A28F88329007B3394 /* Coordinator.swift */; };
		3A9BAB7D28F88329007B3394 /* Assembly.swift in Sources */ = {isa = PBXBuildFile; fileRef = 3A9BAB7B28F88329007B3394 /* Assembly.swift */; };
		3A9BAB8128F88766007B3394 /* CategoryView.swift in Sources */ = {isa = PBXBuildFile; fileRef = 3A9BAB8028F88766007B3394 /* CategoryView.swift */; };
		3A9BAB8328F8AD3E007B3394 /* TabBarController.swift in Sources */ = {isa = PBXBuildFile; fileRef = 3A9BAB8228F8AD3E007B3394 /* TabBarController.swift */; };
/* End PBXBuildFile section */

/* Begin PBXFileReference section */
		3A328FB428F8B2CB0078FFEA /* OtherScreens.swift */ = {isa = PBXFileReference; lastKnownFileType = sourcecode.swift; path = OtherScreens.swift; sourceTree = "<group>"; };
		3A3AE15B28F823DB00618442 /* testAppMainScreen.app */ = {isa = PBXFileReference; explicitFileType = wrapper.application; includeInIndex = 0; path = testAppMainScreen.app; sourceTree = BUILT_PRODUCTS_DIR; };
		3A3AE15E28F823DB00618442 /* AppDelegate.swift */ = {isa = PBXFileReference; lastKnownFileType = sourcecode.swift; path = AppDelegate.swift; sourceTree = "<group>"; };
		3A3AE16028F823DB00618442 /* SceneDelegate.swift */ = {isa = PBXFileReference; lastKnownFileType = sourcecode.swift; path = SceneDelegate.swift; sourceTree = "<group>"; };
		3A3AE16228F823DB00618442 /* MainScreen.swift */ = {isa = PBXFileReference; lastKnownFileType = sourcecode.swift; path = MainScreen.swift; sourceTree = "<group>"; };
		3A3AE16728F823DD00618442 /* Assets.xcassets */ = {isa = PBXFileReference; lastKnownFileType = folder.assetcatalog; path = Assets.xcassets; sourceTree = "<group>"; };
		3A3AE16A28F823DD00618442 /* Base */ = {isa = PBXFileReference; lastKnownFileType = file.storyboard; name = Base; path = Base.lproj/LaunchScreen.storyboard; sourceTree = "<group>"; };
		3A3AE16C28F823DD00618442 /* Info.plist */ = {isa = PBXFileReference; lastKnownFileType = text.plist.xml; path = Info.plist; sourceTree = "<group>"; };
		3A3AE17228F8277F00618442 /* CellModel.swift */ = {isa = PBXFileReference; lastKnownFileType = sourcecode.swift; path = CellModel.swift; sourceTree = "<group>"; };
		3A3AE17428F8285C00618442 /* CustomCell.swift */ = {isa = PBXFileReference; lastKnownFileType = sourcecode.swift; path = CustomCell.swift; sourceTree = "<group>"; };
		3A3AE17628F828DA00618442 /* CustomCell+ext.swift */ = {isa = PBXFileReference; lastKnownFileType = sourcecode.swift; path = "CustomCell+ext.swift"; sourceTree = "<group>"; };
		3A9BAB7128F85357007B3394 /* CollectionView.swift */ = {isa = PBXFileReference; lastKnownFileType = sourcecode.swift; path = CollectionView.swift; sourceTree = "<group>"; };
		3A9BAB7528F8559E007B3394 /* CollectionViewCell.swift */ = {isa = PBXFileReference; lastKnownFileType = sourcecode.swift; path = CollectionViewCell.swift; sourceTree = "<group>"; };
		3A9BAB7828F85C31007B3394 /* CollectionModel.swift */ = {isa = PBXFileReference; lastKnownFileType = sourcecode.swift; path = CollectionModel.swift; sourceTree = "<group>"; };
		3A9BAB7A28F88329007B3394 /* Coordinator.swift */ = {isa = PBXFileReference; fileEncoding = 4; lastKnownFileType = sourcecode.swift; path = Coordinator.swift; sourceTree = "<group>"; };
		3A9BAB7B28F88329007B3394 /* Assembly.swift */ = {isa = PBXFileReference; fileEncoding = 4; lastKnownFileType = sourcecode.swift; path = Assembly.swift; sourceTree = "<group>"; };
		3A9BAB8028F88766007B3394 /* CategoryView.swift */ = {isa = PBXFileReference; lastKnownFileType = sourcecode.swift; path = CategoryView.swift; sourceTree = "<group>"; };
		3A9BAB8228F8AD3E007B3394 /* TabBarController.swift */ = {isa = PBXFileReference; lastKnownFileType = sourcecode.swift; path = TabBarController.swift; sourceTree = "<group>"; };
/* End PBXFileReference section */

/* Begin PBXFrameworksBuildPhase section */
		3A3AE15828F823DB00618442 /* Frameworks */ = {
			isa = PBXFrameworksBuildPhase;
			buildActionMask = 2147483647;
			files = (
			);
			runOnlyForDeploymentPostprocessing = 0;
		};
/* End PBXFrameworksBuildPhase section */

/* Begin PBXGroup section */
		3A328FB328F8B29D0078FFEA /* OtherScreen */ = {
			isa = PBXGroup;
			children = (
				3A328FB428F8B2CB0078FFEA /* OtherScreens.swift */,
			);
			path = OtherScreen;
			sourceTree = "<group>";
		};
		3A3AE15228F823DB00618442 = {
			isa = PBXGroup;
			children = (
				3A3AE15D28F823DB00618442 /* testAppMainScreen */,
				3A3AE15C28F823DB00618442 /* Products */,
			);
			sourceTree = "<group>";
		};
		3A3AE15C28F823DB00618442 /* Products */ = {
			isa = PBXGroup;
			children = (
				3A3AE15B28F823DB00618442 /* testAppMainScreen.app */,
			);
			name = Products;
			sourceTree = "<group>";
		};
		3A3AE15D28F823DB00618442 /* testAppMainScreen */ = {
			isa = PBXGroup;
			children = (
				3A9BAB7F28F88746007B3394 /* Category */,
				3A3AE15E28F823DB00618442 /* AppDelegate.swift */,
				3A9BAB8228F8AD3E007B3394 /* TabBarController.swift */,
				3A9BAB7B28F88329007B3394 /* Assembly.swift */,
				3A9BAB7A28F88329007B3394 /* Coordinator.swift */,
				3A3AE16028F823DB00618442 /* SceneDelegate.swift */,
				3A9BAB7E28F88357007B3394 /* MainScreen */,
				3A328FB328F8B29D0078FFEA /* OtherScreen */,
				3A9BAB7728F855EB007B3394 /* CollectionView */,
				3A9BAB7028F85309007B3394 /* ProductCell */,
				3A3AE16728F823DD00618442 /* Assets.xcassets */,
				3A3AE16928F823DD00618442 /* LaunchScreen.storyboard */,
				3A3AE16C28F823DD00618442 /* Info.plist */,
			);
			path = testAppMainScreen;
			sourceTree = "<group>";
		};
		3A9BAB7028F85309007B3394 /* ProductCell */ = {
			isa = PBXGroup;
			children = (
				3A3AE17228F8277F00618442 /* CellModel.swift */,
				3A3AE17428F8285C00618442 /* CustomCell.swift */,
				3A3AE17628F828DA00618442 /* CustomCell+ext.swift */,
			);
			path = ProductCell;
			sourceTree = "<group>";
		};
		3A9BAB7728F855EB007B3394 /* CollectionView */ = {
			isa = PBXGroup;
			children = (
				3A9BAB7128F85357007B3394 /* CollectionView.swift */,
				3A9BAB7528F8559E007B3394 /* CollectionViewCell.swift */,
				3A9BAB7828F85C31007B3394 /* CollectionModel.swift */,
			);
			path = CollectionView;
			sourceTree = "<group>";
		};
		3A9BAB7E28F88357007B3394 /* MainScreen */ = {
			isa = PBXGroup;
			children = (
				3A3AE16228F823DB00618442 /* MainScreen.swift */,
			);
			path = MainScreen;
			sourceTree = "<group>";
		};
		3A9BAB7F28F88746007B3394 /* Category */ = {
			isa = PBXGroup;
			children = (
				3A9BAB8028F88766007B3394 /* CategoryView.swift */,
			);
			path = Category;
			sourceTree = "<group>";
		};
/* End PBXGroup section */

/* Begin PBXNativeTarget section */
		3A3AE15A28F823DB00618442 /* testAppMainScreen */ = {
			isa = PBXNativeTarget;
			buildConfigurationList = 3A3AE16F28F823DD00618442 /* Build configuration list for PBXNativeTarget "testAppMainScreen" */;
			buildPhases = (
				3A3AE15728F823DB00618442 /* Sources */,
				3A3AE15828F823DB00618442 /* Frameworks */,
				3A3AE15928F823DB00618442 /* Resources */,
			);
			buildRules = (
			);
			dependencies = (
			);
			name = testAppMainScreen;
			productName = testAppMainScreen;
			productReference = 3A3AE15B28F823DB00618442 /* testAppMainScreen.app */;
			productType = "com.apple.product-type.application";
		};
/* End PBXNativeTarget section */

/* Begin PBXProject section */
		3A3AE15328F823DB00618442 /* Project object */ = {
			isa = PBXProject;
			attributes = {
				BuildIndependentTargetsInParallel = 1;
				LastSwiftUpdateCheck = 1400;
				LastUpgradeCheck = 1400;
				TargetAttributes = {
					3A3AE15A28F823DB00618442 = {
						CreatedOnToolsVersion = 14.0.1;
					};
				};
			};
			buildConfigurationList = 3A3AE15628F823DB00618442 /* Build configuration list for PBXProject "testAppMainScreen" */;
			compatibilityVersion = "Xcode 14.0";
			developmentRegion = en;
			hasScannedForEncodings = 0;
			knownRegions = (
				en,
				Base,
			);
			mainGroup = 3A3AE15228F823DB00618442;
			productRefGroup = 3A3AE15C28F823DB00618442 /* Products */;
			projectDirPath = "";
			projectRoot = "";
			targets = (
				3A3AE15A28F823DB00618442 /* testAppMainScreen */,
			);
		};
/* End PBXProject section */

/* Begin PBXResourcesBuildPhase section */
		3A3AE15928F823DB00618442 /* Resources */ = {
			isa = PBXResourcesBuildPhase;
			buildActionMask = 2147483647;
			files = (
				3A3AE16B28F823DD00618442 /* LaunchScreen.storyboard in Resources */,
				3A3AE16828F823DD00618442 /* Assets.xcassets in Resources */,
			);
			runOnlyForDeploymentPostprocessing = 0;
		};
/* End PBXResourcesBuildPhase section */

/* Begin PBXSourcesBuildPhase section */
		3A3AE15728F823DB00618442 /* Sources */ = {
			isa = PBXSourcesBuildPhase;
			buildActionMask = 2147483647;
			files = (
				3A3AE16328F823DB00618442 /* MainScreen.swift in Sources */,
				3A9BAB8328F8AD3E007B3394 /* TabBarController.swift in Sources */,
				3A9BAB7D28F88329007B3394 /* Assembly.swift in Sources */,
				3A9BAB8128F88766007B3394 /* CategoryView.swift in Sources */,
				3A3AE15F28F823DB00618442 /* AppDelegate.swift in Sources */,
				3A9BAB7628F8559E007B3394 /* CollectionViewCell.swift in Sources */,
				3A328FB528F8B2CB0078FFEA /* OtherScreens.swift in Sources */,
				3A3AE17528F8285C00618442 /* CustomCell.swift in Sources */,
				3A9BAB7928F85C31007B3394 /* CollectionModel.swift in Sources */,
				3A9BAB7C28F88329007B3394 /* Coordinator.swift in Sources */,
				3A3AE16128F823DB00618442 /* SceneDelegate.swift in Sources */,
				3A9BAB7228F85357007B3394 /* CollectionView.swift in Sources */,
				3A3AE17728F828DA00618442 /* CustomCell+ext.swift in Sources */,
				3A3AE17328F8277F00618442 /* CellModel.swift in Sources */,
			);
			runOnlyForDeploymentPostprocessing = 0;
		};
/* End PBXSourcesBuildPhase section */

/* Begin PBXVariantGroup section */
		3A3AE16928F823DD00618442 /* LaunchScreen.storyboard */ = {
			isa = PBXVariantGroup;
			children = (
				3A3AE16A28F823DD00618442 /* Base */,
			);
			name = LaunchScreen.storyboard;
			sourceTree = "<group>";
		};
/* End PBXVariantGroup section */

/* Begin XCBuildConfiguration section */
		3A3AE16D28F823DD00618442 /* Debug */ = {
			isa = XCBuildConfiguration;
			buildSettings = {
				ALWAYS_SEARCH_USER_PATHS = NO;
				CLANG_ANALYZER_NONNULL = YES;
				CLANG_ANALYZER_NUMBER_OBJECT_CONVERSION = YES_AGGRESSIVE;
				CLANG_CXX_LANGUAGE_STANDARD = "gnu++20";
				CLANG_ENABLE_MODULES = YES;
				CLANG_ENABLE_OBJC_ARC = YES;
				CLANG_ENABLE_OBJC_WEAK = YES;
				CLANG_WARN_BLOCK_CAPTURE_AUTORELEASING = YES;
				CLANG_WARN_BOOL_CONVERSION = YES;
				CLANG_WARN_COMMA = YES;
				CLANG_WARN_CONSTANT_CONVERSION = YES;
				CLANG_WARN_DEPRECATED_OBJC_IMPLEMENTATIONS = YES;
				CLANG_WARN_DIRECT_OBJC_ISA_USAGE = YES_ERROR;
				CLANG_WARN_DOCUMENTATION_COMMENTS = YES;
				CLANG_WARN_EMPTY_BODY = YES;
				CLANG_WARN_ENUM_CONVERSION = YES;
				CLANG_WARN_INFINITE_RECURSION = YES;
				CLANG_WARN_INT_CONVERSION = YES;
				CLANG_WARN_NON_LITERAL_NULL_CONVERSION = YES;
				CLANG_WARN_OBJC_IMPLICIT_RETAIN_SELF = YES;
				CLANG_WARN_OBJC_LITERAL_CONVERSION = YES;
				CLANG_WARN_OBJC_ROOT_CLASS = YES_ERROR;
				CLANG_WARN_QUOTED_INCLUDE_IN_FRAMEWORK_HEADER = YES;
				CLANG_WARN_RANGE_LOOP_ANALYSIS = YES;
				CLANG_WARN_STRICT_PROTOTYPES = YES;
				CLANG_WARN_SUSPICIOUS_MOVE = YES;
				CLANG_WARN_UNGUARDED_AVAILABILITY = YES_AGGRESSIVE;
				CLANG_WARN_UNREACHABLE_CODE = YES;
				CLANG_WARN__DUPLICATE_METHOD_MATCH = YES;
				COPY_PHASE_STRIP = NO;
				DEBUG_INFORMATION_FORMAT = dwarf;
				ENABLE_STRICT_OBJC_MSGSEND = YES;
				ENABLE_TESTABILITY = YES;
				GCC_C_LANGUAGE_STANDARD = gnu11;
				GCC_DYNAMIC_NO_PIC = NO;
				GCC_NO_COMMON_BLOCKS = YES;
				GCC_OPTIMIZATION_LEVEL = 0;
				GCC_PREPROCESSOR_DEFINITIONS = (
					"DEBUG=1",
					"$(inherited)",
				);
				GCC_WARN_64_TO_32_BIT_CONVERSION = YES;
				GCC_WARN_ABOUT_RETURN_TYPE = YES_ERROR;
				GCC_WARN_UNDECLARED_SELECTOR = YES;
				GCC_WARN_UNINITIALIZED_AUTOS = YES_AGGRESSIVE;
				GCC_WARN_UNUSED_FUNCTION = YES;
				GCC_WARN_UNUSED_VARIABLE = YES;
				IPHONEOS_DEPLOYMENT_TARGET = 16.0;
				MTL_ENABLE_DEBUG_INFO = INCLUDE_SOURCE;
				MTL_FAST_MATH = YES;
				ONLY_ACTIVE_ARCH = YES;
				SDKROOT = iphoneos;
				SWIFT_ACTIVE_COMPILATION_CONDITIONS = DEBUG;
				SWIFT_OPTIMIZATION_LEVEL = "-Onone";
			};
			name = Debug;
		};
		3A3AE16E28F823DD00618442 /* Release */ = {
			isa = XCBuildConfiguration;
			buildSettings = {
				ALWAYS_SEARCH_USER_PATHS = NO;
				CLANG_ANALYZER_NONNULL = YES;
				CLANG_ANALYZER_NUMBER_OBJECT_CONVERSION = YES_AGGRESSIVE;
				CLANG_CXX_LANGUAGE_STANDARD = "gnu++20";
				CLANG_ENABLE_MODULES = YES;
				CLANG_ENABLE_OBJC_ARC = YES;
				CLANG_ENABLE_OBJC_WEAK = YES;
				CLANG_WARN_BLOCK_CAPTURE_AUTORELEASING = YES;
				CLANG_WARN_BOOL_CONVERSION = YES;
				CLANG_WARN_COMMA = YES;
				CLANG_WARN_CONSTANT_CONVERSION = YES;
				CLANG_WARN_DEPRECATED_OBJC_IMPLEMENTATIONS = YES;
				CLANG_WARN_DIRECT_OBJC_ISA_USAGE = YES_ERROR;
				CLANG_WARN_DOCUMENTATION_COMMENTS = YES;
				CLANG_WARN_EMPTY_BODY = YES;
				CLANG_WARN_ENUM_CONVERSION = YES;
				CLANG_WARN_INFINITE_RECURSION = YES;
				CLANG_WARN_INT_CONVERSION = YES;
				CLANG_WARN_NON_LITERAL_NULL_CONVERSION = YES;
				CLANG_WARN_OBJC_IMPLICIT_RETAIN_SELF = YES;
				CLANG_WARN_OBJC_LITERAL_CONVERSION = YES;
				CLANG_WARN_OBJC_ROOT_CLASS = YES_ERROR;
				CLANG_WARN_QUOTED_INCLUDE_IN_FRAMEWORK_HEADER = YES;
				CLANG_WARN_RANGE_LOOP_ANALYSIS = YES;
				CLANG_WARN_STRICT_PROTOTYPES = YES;
				CLANG_WARN_SUSPICIOUS_MOVE = YES;
				CLANG_WARN_UNGUARDED_AVAILABILITY = YES_AGGRESSIVE;
				CLANG_WARN_UNREACHABLE_CODE = YES;
				CLANG_WARN__DUPLICATE_METHOD_MATCH = YES;
				COPY_PHASE_STRIP = NO;
				DEBUG_INFORMATION_FORMAT = "dwarf-with-dsym";
				ENABLE_NS_ASSERTIONS = NO;
				ENABLE_STRICT_OBJC_MSGSEND = YES;
				GCC_C_LANGUAGE_STANDARD = gnu11;
				GCC_NO_COMMON_BLOCKS = YES;
				GCC_WARN_64_TO_32_BIT_CONVERSION = YES;
				GCC_WARN_ABOUT_RETURN_TYPE = YES_ERROR;
				GCC_WARN_UNDECLARED_SELECTOR = YES;
				GCC_WARN_UNINITIALIZED_AUTOS = YES_AGGRESSIVE;
				GCC_WARN_UNUSED_FUNCTION = YES;
				GCC_WARN_UNUSED_VARIABLE = YES;
				IPHONEOS_DEPLOYMENT_TARGET = 16.0;
				MTL_ENABLE_DEBUG_INFO = NO;
				MTL_FAST_MATH = YES;
				SDKROOT = iphoneos;
				SWIFT_COMPILATION_MODE = wholemodule;
				SWIFT_OPTIMIZATION_LEVEL = "-O";
				VALIDATE_PRODUCT = YES;
			};
			name = Release;
		};
		3A3AE17028F823DD00618442 /* Debug */ = {
			isa = XCBuildConfiguration;
			buildSettings = {
				ASSETCATALOG_COMPILER_APPICON_NAME = AppIcon;
				ASSETCATALOG_COMPILER_GLOBAL_ACCENT_COLOR_NAME = AccentColor;
				CODE_SIGN_STYLE = Automatic;
				CURRENT_PROJECT_VERSION = 1;
				DEVELOPMENT_TEAM = H6Q7NMAZAW;
				GENERATE_INFOPLIST_FILE = YES;
				INFOPLIST_FILE = testAppMainScreen/Info.plist;
				INFOPLIST_KEY_UIApplicationSupportsIndirectInputEvents = YES;
				INFOPLIST_KEY_UILaunchStoryboardName = LaunchScreen;
				INFOPLIST_KEY_UISupportedInterfaceOrientations_iPad = "UIInterfaceOrientationPortrait UIInterfaceOrientationPortraitUpsideDown UIInterfaceOrientationLandscapeLeft UIInterfaceOrientationLandscapeRight";
				INFOPLIST_KEY_UISupportedInterfaceOrientations_iPhone = "UIInterfaceOrientationPortrait UIInterfaceOrientationLandscapeLeft UIInterfaceOrientationLandscapeRight";
				LD_RUNPATH_SEARCH_PATHS = (
					"$(inherited)",
					"@executable_path/Frameworks",
				);
				MARKETING_VERSION = 1.0;
				PRODUCT_BUNDLE_IDENTIFIER = Anton.Prokopev.testAppMainScreen;
				PRODUCT_NAME = "$(TARGET_NAME)";
				SWIFT_EMIT_LOC_STRINGS = YES;
				SWIFT_VERSION = 5.0;
				TARGETED_DEVICE_FAMILY = "1,2";
			};
			name = Debug;
		};
		3A3AE17128F823DD00618442 /* Release */ = {
			isa = XCBuildConfiguration;
			buildSettings = {
				ASSETCATALOG_COMPILER_APPICON_NAME = AppIcon;
				ASSETCATALOG_COMPILER_GLOBAL_ACCENT_COLOR_NAME = AccentColor;
				CODE_SIGN_STYLE = Automatic;
				CURRENT_PROJECT_VERSION = 1;
				DEVELOPMENT_TEAM = H6Q7NMAZAW;
				GENERATE_INFOPLIST_FILE = YES;
				INFOPLIST_FILE = testAppMainScreen/Info.plist;
				INFOPLIST_KEY_UIApplicationSupportsIndirectInputEvents = YES;
				INFOPLIST_KEY_UILaunchStoryboardName = LaunchScreen;
				INFOPLIST_KEY_UISupportedInterfaceOrientations_iPad = "UIInterfaceOrientationPortrait UIInterfaceOrientationPortraitUpsideDown UIInterfaceOrientationLandscapeLeft UIInterfaceOrientationLandscapeRight";
				INFOPLIST_KEY_UISupportedInterfaceOrientations_iPhone = "UIInterfaceOrientationPortrait UIInterfaceOrientationLandscapeLeft UIInterfaceOrientationLandscapeRight";
				LD_RUNPATH_SEARCH_PATHS = (
					"$(inherited)",
					"@executable_path/Frameworks",
				);
				MARKETING_VERSION = 1.0;
				PRODUCT_BUNDLE_IDENTIFIER = Anton.Prokopev.testAppMainScreen;
				PRODUCT_NAME = "$(TARGET_NAME)";
				SWIFT_EMIT_LOC_STRINGS = YES;
				SWIFT_VERSION = 5.0;
				TARGETED_DEVICE_FAMILY = "1,2";
			};
			name = Release;
		};
/* End XCBuildConfiguration section */

/* Begin XCConfigurationList section */
		3A3AE15628F823DB00618442 /* Build configuration list for PBXProject "testAppMainScreen" */ = {
			isa = XCConfigurationList;
			buildConfigurations = (
				3A3AE16D28F823DD00618442 /* Debug */,
				3A3AE16E28F823DD00618442 /* Release */,
			);
			defaultConfigurationIsVisible = 0;
			defaultConfigurationName = Release;
		};
		3A3AE16F28F823DD00618442 /* Build configuration list for PBXNativeTarget "testAppMainScreen" */ = {
			isa = XCConfigurationList;
			buildConfigurations = (
				3A3AE17028F823DD00618442 /* Debug */,
				3A3AE17128F823DD00618442 /* Release */,
			);
			defaultConfigurationIsVisible = 0;
			defaultConfigurationName = Release;
		};
/* End XCConfigurationList section */
	};
	rootObject = 3A3AE15328F823DB00618442 /* Project object */;
}
